
Microsoft Visual Studio Solution File, Format Version 12.00
# Visual Studio Version 16
VisualStudioVersion = 16.0.31005.135
MinimumVisualStudioVersion = 10.0.40219.1
Project("{FAE04EC0-301F-11D3-BF4B-00C04F79EFBC}") = "BonsaiBot", "EchoBot1\BonsaiBot.csproj", "{CD5EA316-89F3-4110-B207-410116393F27}"
EndProject
Global
	GlobalSection(SolutionConfigurationPlatforms) = preSolution
		Debug|Any CPU = Debug|Any CPU
		Release|Any CPU = Release|Any CPU
	EndGlobalSection
	GlobalSection(ProjectConfigurationPlatforms) = postSolution
		{CD5EA316-89F3-4110-B207-410116393F27}.Debug|Any CPU.ActiveCfg = Debug|Any CPU
		{CD5EA316-89F3-4110-B207-410116393F27}.Debug|Any CPU.Build.0 = Debug|Any CPU
		{CD5EA316-89F3-4110-B207-410116393F27}.Release|Any CPU.ActiveCfg = Release|Any CPU
		{CD5EA316-89F3-4110-B207-410116393F27}.Release|Any CPU.Build.0 = Release|Any CPU
	EndGlobalSection
	GlobalSection(SolutionProperties) = preSolution
		HideSolutionNode = FALSE
	EndGlobalSection
	GlobalSection(ExtensibilityGlobals) = postSolution
		SolutionGuid = {90F66C25-540A-4DC7-9D65-E637ADB83027}
	EndGlobalSection
EndGlobal
